
Microsoft Visual Studio Solution File, Format Version 12.00
# Visual Studio 15
VisualStudioVersion = 15.0.34031.82
MinimumVisualStudioVersion = 10.0.40219.1
Project("{FAE04EC0-301F-11D3-BF4B-00C04F79EFBC}") = "Skaner_plaski_gr5A", "Skaner_plaski_gr5A\Skaner_plaski_gr5A.csproj", "{799D6AFA-4CC9-412E-B902-2EC7F987FE93}"
EndProject
Global
	GlobalSection(SolutionConfigurationPlatforms) = preSolution
		Debug|Any CPU = Debug|Any CPU
		Release|Any CPU = Release|Any CPU
	EndGlobalSection
	GlobalSection(ProjectConfigurationPlatforms) = postSolution
		{799D6AFA-4CC9-412E-B902-2EC7F987FE93}.Debug|Any CPU.ActiveCfg = Debug|Any CPU
		{799D6AFA-4CC9-412E-B902-2EC7F987FE93}.Debug|Any CPU.Build.0 = Debug|Any CPU
		{799D6AFA-4CC9-412E-B902-2EC7F987FE93}.Release|Any CPU.ActiveCfg = Release|Any CPU
		{799D6AFA-4CC9-412E-B902-2EC7F987FE93}.Release|Any CPU.Build.0 = Release|Any CPU
	EndGlobalSection
	GlobalSection(SolutionProperties) = preSolution
		HideSolutionNode = FALSE
	EndGlobalSection
	GlobalSection(ExtensibilityGlobals) = postSolution
		SolutionGuid = {C5925BE9-FC49-43E0-B660-67F4FA43D6CC}
	EndGlobalSection
EndGlobal
